// !$*UTF8*$!
{
	archiveVersion = 1;
	classes = {
	};
	objectVersion = 50;
	objects = {

/* Begin PBXBuildFile section */
		345AD11C24C6EDD9004E2EE1 /* AppDelegate.swift in Sources */ = {isa = PBXBuildFile; fileRef = 345AD11B24C6EDD9004E2EE1 /* AppDelegate.swift */; };
		345AD12524C6EDDC004E2EE1 /* Assets.xcassets in Resources */ = {isa = PBXBuildFile; fileRef = 345AD12424C6EDDC004E2EE1 /* Assets.xcassets */; };
		345AD12824C6EDDC004E2EE1 /* LaunchScreen.storyboard in Resources */ = {isa = PBXBuildFile; fileRef = 345AD12624C6EDDC004E2EE1 /* LaunchScreen.storyboard */; };
		345AD13324C6EE64004E2EE1 /* FeedViewController.swift in Sources */ = {isa = PBXBuildFile; fileRef = 345AD12F24C6EE64004E2EE1 /* FeedViewController.swift */; };
		345AD13424C6EE64004E2EE1 /* ReviewCell.swift in Sources */ = {isa = PBXBuildFile; fileRef = 345AD13024C6EE64004E2EE1 /* ReviewCell.swift */; };
		345AD13624C6EE64004E2EE1 /* DetailsViewController.swift in Sources */ = {isa = PBXBuildFile; fileRef = 345AD13224C6EE64004E2EE1 /* DetailsViewController.swift */; };
		DF600F0624F82A1500B613DC /* AppStoreReviewsTests.swift in Sources */ = {isa = PBXBuildFile; fileRef = DF600F0524F82A1500B613DC /* AppStoreReviewsTests.swift */; };
		DF600F0E24F82A6600B613DC /* Reviews.json in Resources */ = {isa = PBXBuildFile; fileRef = DF600F0D24F82A6600B613DC /* Reviews.json */; };
		DF600F1024F82AC400B613DC /* ReviewModelTests.swift in Sources */ = {isa = PBXBuildFile; fileRef = DF600F0F24F82AC400B613DC /* ReviewModelTests.swift */; };
		DF600F1224F8493B00B613DC /* FilterViewController.swift in Sources */ = {isa = PBXBuildFile; fileRef = DF600F1124F8493B00B613DC /* FilterViewController.swift */; };
		DF600F1424F8508900B613DC /* FilterCell.swift in Sources */ = {isa = PBXBuildFile; fileRef = DF600F1324F8508900B613DC /* FilterCell.swift */; };
		DF772F4924FC171F00636AEE /* HeaderView.swift in Sources */ = {isa = PBXBuildFile; fileRef = DF772F4824FC171F00636AEE /* HeaderView.swift */; };
		DF772F4F24FC4A2C00636AEE /* ItemsFilterSort.swift in Sources */ = {isa = PBXBuildFile; fileRef = DF772F4E24FC4A2C00636AEE /* ItemsFilterSort.swift */; };
		DF772F5124FC5EA600636AEE /* ItemsSortTests.swift in Sources */ = {isa = PBXBuildFile; fileRef = DF772F5024FC5EA600636AEE /* ItemsSortTests.swift */; };
		DF772F5324FC640A00636AEE /* FeedViewModelTests.swift in Sources */ = {isa = PBXBuildFile; fileRef = DF772F5224FC640A00636AEE /* FeedViewModelTests.swift */; };
		DF9164C724F7E3D00006F1DF /* Feed.swift in Sources */ = {isa = PBXBuildFile; fileRef = DF9164C624F7E3D00006F1DF /* Feed.swift */; };
		DF9164CA24F7E8D70006F1DF /* APIService.swift in Sources */ = {isa = PBXBuildFile; fileRef = DF9164C924F7E8D70006F1DF /* APIService.swift */; };
		DF9164CD24F8185C0006F1DF /* FeedViewModel.swift in Sources */ = {isa = PBXBuildFile; fileRef = DF9164CC24F8185C0006F1DF /* FeedViewModel.swift */; };
		DF9164CF24F819AE0006F1DF /* ReviewViewModel.swift in Sources */ = {isa = PBXBuildFile; fileRef = DF9164CE24F819AE0006F1DF /* ReviewViewModel.swift */; };
		DF9164D224F81E680006F1DF /* UIViewController+Util.swift in Sources */ = {isa = PBXBuildFile; fileRef = DF9164D124F81E680006F1DF /* UIViewController+Util.swift */; };
		DF9164D424F81E900006F1DF /* NSObject+Util.swift in Sources */ = {isa = PBXBuildFile; fileRef = DF9164D324F81E900006F1DF /* NSObject+Util.swift */; };
		DF9164D724F822980006F1DF /* Constants.swift in Sources */ = {isa = PBXBuildFile; fileRef = DF9164D624F822980006F1DF /* Constants.swift */; };
		DFF5341824FD4023003A2F9D /* ReviewsWordSeparator.swift in Sources */ = {isa = PBXBuildFile; fileRef = DFF5341724FD4023003A2F9D /* ReviewsWordSeparator.swift */; };
/* End PBXBuildFile section */

/* Begin PBXContainerItemProxy section */
		DF600F0824F82A1500B613DC /* PBXContainerItemProxy */ = {
			isa = PBXContainerItemProxy;
			containerPortal = 345AD11024C6EDD9004E2EE1 /* Project object */;
			proxyType = 1;
			remoteGlobalIDString = 345AD11724C6EDD9004E2EE1;
			remoteInfo = AppStoreReviews;
		};
/* End PBXContainerItemProxy section */

/* Begin PBXFileReference section */
		345AD11824C6EDD9004E2EE1 /* AppStoreReviews.app */ = {isa = PBXFileReference; explicitFileType = wrapper.application; includeInIndex = 0; path = AppStoreReviews.app; sourceTree = BUILT_PRODUCTS_DIR; };
		345AD11B24C6EDD9004E2EE1 /* AppDelegate.swift */ = {isa = PBXFileReference; lastKnownFileType = sourcecode.swift; path = AppDelegate.swift; sourceTree = "<group>"; };
		345AD12424C6EDDC004E2EE1 /* Assets.xcassets */ = {isa = PBXFileReference; lastKnownFileType = folder.assetcatalog; path = Assets.xcassets; sourceTree = "<group>"; };
		345AD12724C6EDDC004E2EE1 /* Base */ = {isa = PBXFileReference; lastKnownFileType = file.storyboard; name = Base; path = Base.lproj/LaunchScreen.storyboard; sourceTree = "<group>"; };
		345AD12924C6EDDC004E2EE1 /* Info.plist */ = {isa = PBXFileReference; lastKnownFileType = text.plist.xml; path = Info.plist; sourceTree = "<group>"; };
		345AD12F24C6EE64004E2EE1 /* FeedViewController.swift */ = {isa = PBXFileReference; fileEncoding = 4; lastKnownFileType = sourcecode.swift; path = FeedViewController.swift; sourceTree = "<group>"; };
		345AD13024C6EE64004E2EE1 /* ReviewCell.swift */ = {isa = PBXFileReference; fileEncoding = 4; lastKnownFileType = sourcecode.swift; path = ReviewCell.swift; sourceTree = "<group>"; };
		345AD13224C6EE64004E2EE1 /* DetailsViewController.swift */ = {isa = PBXFileReference; fileEncoding = 4; lastKnownFileType = sourcecode.swift; path = DetailsViewController.swift; sourceTree = "<group>"; };
		DF600F0324F82A1500B613DC /* AppStoreReviewsTests.xctest */ = {isa = PBXFileReference; explicitFileType = wrapper.cfbundle; includeInIndex = 0; path = AppStoreReviewsTests.xctest; sourceTree = BUILT_PRODUCTS_DIR; };
		DF600F0524F82A1500B613DC /* AppStoreReviewsTests.swift */ = {isa = PBXFileReference; lastKnownFileType = sourcecode.swift; path = AppStoreReviewsTests.swift; sourceTree = "<group>"; };
		DF600F0724F82A1500B613DC /* Info.plist */ = {isa = PBXFileReference; lastKnownFileType = text.plist.xml; path = Info.plist; sourceTree = "<group>"; };
		DF600F0D24F82A6600B613DC /* Reviews.json */ = {isa = PBXFileReference; lastKnownFileType = text.json; path = Reviews.json; sourceTree = "<group>"; };
		DF600F0F24F82AC400B613DC /* ReviewModelTests.swift */ = {isa = PBXFileReference; lastKnownFileType = sourcecode.swift; path = ReviewModelTests.swift; sourceTree = "<group>"; };
		DF600F1124F8493B00B613DC /* FilterViewController.swift */ = {isa = PBXFileReference; lastKnownFileType = sourcecode.swift; path = FilterViewController.swift; sourceTree = "<group>"; };
		DF600F1324F8508900B613DC /* FilterCell.swift */ = {isa = PBXFileReference; lastKnownFileType = sourcecode.swift; path = FilterCell.swift; sourceTree = "<group>"; };
		DF772F4824FC171F00636AEE /* HeaderView.swift */ = {isa = PBXFileReference; lastKnownFileType = sourcecode.swift; path = HeaderView.swift; sourceTree = "<group>"; };
		DF772F4E24FC4A2C00636AEE /* ItemsFilterSort.swift */ = {isa = PBXFileReference; lastKnownFileType = sourcecode.swift; path = ItemsFilterSort.swift; sourceTree = "<group>"; };
		DF772F5024FC5EA600636AEE /* ItemsSortTests.swift */ = {isa = PBXFileReference; lastKnownFileType = sourcecode.swift; path = ItemsSortTests.swift; sourceTree = "<group>"; };
		DF772F5224FC640A00636AEE /* FeedViewModelTests.swift */ = {isa = PBXFileReference; lastKnownFileType = sourcecode.swift; path = FeedViewModelTests.swift; sourceTree = "<group>"; };
		DF9164C624F7E3D00006F1DF /* Feed.swift */ = {isa = PBXFileReference; lastKnownFileType = sourcecode.swift; path = Feed.swift; sourceTree = "<group>"; };
		DF9164C924F7E8D70006F1DF /* APIService.swift */ = {isa = PBXFileReference; lastKnownFileType = sourcecode.swift; path = APIService.swift; sourceTree = "<group>"; };
		DF9164CC24F8185C0006F1DF /* FeedViewModel.swift */ = {isa = PBXFileReference; lastKnownFileType = sourcecode.swift; path = FeedViewModel.swift; sourceTree = "<group>"; };
		DF9164CE24F819AE0006F1DF /* ReviewViewModel.swift */ = {isa = PBXFileReference; lastKnownFileType = sourcecode.swift; path = ReviewViewModel.swift; sourceTree = "<group>"; };
		DF9164D124F81E680006F1DF /* UIViewController+Util.swift */ = {isa = PBXFileReference; lastKnownFileType = sourcecode.swift; path = "UIViewController+Util.swift"; sourceTree = "<group>"; };
		DF9164D324F81E900006F1DF /* NSObject+Util.swift */ = {isa = PBXFileReference; lastKnownFileType = sourcecode.swift; path = "NSObject+Util.swift"; sourceTree = "<group>"; };
		DF9164D624F822980006F1DF /* Constants.swift */ = {isa = PBXFileReference; lastKnownFileType = sourcecode.swift; path = Constants.swift; sourceTree = "<group>"; };
		DFF5341724FD4023003A2F9D /* ReviewsWordSeparator.swift */ = {isa = PBXFileReference; lastKnownFileType = sourcecode.swift; path = ReviewsWordSeparator.swift; sourceTree = "<group>"; };
/* End PBXFileReference section */

/* Begin PBXFrameworksBuildPhase section */
		345AD11524C6EDD9004E2EE1 /* Frameworks */ = {
			isa = PBXFrameworksBuildPhase;
			buildActionMask = 2147483647;
			files = (
			);
			runOnlyForDeploymentPostprocessing = 0;
		};
		DF600F0024F82A1500B613DC /* Frameworks */ = {
			isa = PBXFrameworksBuildPhase;
			buildActionMask = 2147483647;
			files = (
			);
			runOnlyForDeploymentPostprocessing = 0;
		};
/* End PBXFrameworksBuildPhase section */

/* Begin PBXGroup section */
		345AD10F24C6EDD9004E2EE1 = {
			isa = PBXGroup;
			children = (
				345AD11A24C6EDD9004E2EE1 /* AppStoreReviews */,
				DF600F0424F82A1500B613DC /* AppStoreReviewsTests */,
				345AD11924C6EDD9004E2EE1 /* Products */,
			);
			sourceTree = "<group>";
		};
		345AD11924C6EDD9004E2EE1 /* Products */ = {
			isa = PBXGroup;
			children = (
				345AD11824C6EDD9004E2EE1 /* AppStoreReviews.app */,
				DF600F0324F82A1500B613DC /* AppStoreReviewsTests.xctest */,
			);
			name = Products;
			sourceTree = "<group>";
		};
		345AD11A24C6EDD9004E2EE1 /* AppStoreReviews */ = {
			isa = PBXGroup;
			children = (
				DF9164D824F823DA0006F1DF /* Views */,
				DF9164D524F822860006F1DF /* Constants */,
				DF9164D024F81E530006F1DF /* Extensions */,
				DF9164CB24F8183E0006F1DF /* View Models */,
				DF9164C824F7E8C40006F1DF /* Helpers */,
				DF9164C524F7E3BE0006F1DF /* Models */,
				345AD11B24C6EDD9004E2EE1 /* AppDelegate.swift */,
				345AD12424C6EDDC004E2EE1 /* Assets.xcassets */,
				345AD12624C6EDDC004E2EE1 /* LaunchScreen.storyboard */,
				345AD12924C6EDDC004E2EE1 /* Info.plist */,
				DF600F0D24F82A6600B613DC /* Reviews.json */,
			);
			path = AppStoreReviews;
			sourceTree = "<group>";
		};
		DF600F0424F82A1500B613DC /* AppStoreReviewsTests */ = {
			isa = PBXGroup;
			children = (
				DF600F0524F82A1500B613DC /* AppStoreReviewsTests.swift */,
				DF600F0724F82A1500B613DC /* Info.plist */,
				DF600F0F24F82AC400B613DC /* ReviewModelTests.swift */,
				DF772F5024FC5EA600636AEE /* ItemsSortTests.swift */,
				DF772F5224FC640A00636AEE /* FeedViewModelTests.swift */,
			);
			path = AppStoreReviewsTests;
			sourceTree = "<group>";
		};
		DF9164C524F7E3BE0006F1DF /* Models */ = {
			isa = PBXGroup;
			children = (
				DF9164C624F7E3D00006F1DF /* Feed.swift */,
			);
			path = Models;
			sourceTree = "<group>";
		};
		DF9164C824F7E8C40006F1DF /* Helpers */ = {
			isa = PBXGroup;
			children = (
				DF9164C924F7E8D70006F1DF /* APIService.swift */,
				DF772F4E24FC4A2C00636AEE /* ItemsFilterSort.swift */,
				DFF5341724FD4023003A2F9D /* ReviewsWordSeparator.swift */,
			);
			path = Helpers;
			sourceTree = "<group>";
		};
		DF9164CB24F8183E0006F1DF /* View Models */ = {
			isa = PBXGroup;
			children = (
				DF9164CC24F8185C0006F1DF /* FeedViewModel.swift */,
				DF9164CE24F819AE0006F1DF /* ReviewViewModel.swift */,
			);
			path = "View Models";
			sourceTree = "<group>";
		};
		DF9164D024F81E530006F1DF /* Extensions */ = {
			isa = PBXGroup;
			children = (
				DF9164D124F81E680006F1DF /* UIViewController+Util.swift */,
				DF9164D324F81E900006F1DF /* NSObject+Util.swift */,
			);
			path = Extensions;
			sourceTree = "<group>";
		};
		DF9164D524F822860006F1DF /* Constants */ = {
			isa = PBXGroup;
			children = (
				DF9164D624F822980006F1DF /* Constants.swift */,
			);
			path = Constants;
			sourceTree = "<group>";
		};
		DF9164D824F823DA0006F1DF /* Views */ = {
			isa = PBXGroup;
			children = (
				345AD13224C6EE64004E2EE1 /* DetailsViewController.swift */,
				345AD12F24C6EE64004E2EE1 /* FeedViewController.swift */,
				345AD13024C6EE64004E2EE1 /* ReviewCell.swift */,
				DF600F1124F8493B00B613DC /* FilterViewController.swift */,
				DF600F1324F8508900B613DC /* FilterCell.swift */,
				DF772F4824FC171F00636AEE /* HeaderView.swift */,
			);
			path = Views;
			sourceTree = "<group>";
		};
/* End PBXGroup section */

/* Begin PBXNativeTarget section */
		345AD11724C6EDD9004E2EE1 /* AppStoreReviews */ = {
			isa = PBXNativeTarget;
			buildConfigurationList = 345AD12C24C6EDDC004E2EE1 /* Build configuration list for PBXNativeTarget "AppStoreReviews" */;
			buildPhases = (
				345AD11424C6EDD9004E2EE1 /* Sources */,
				345AD11524C6EDD9004E2EE1 /* Frameworks */,
				345AD11624C6EDD9004E2EE1 /* Resources */,
			);
			buildRules = (
			);
			dependencies = (
			);
			name = AppStoreReviews;
			productName = AppStoreReviews;
			productReference = 345AD11824C6EDD9004E2EE1 /* AppStoreReviews.app */;
			productType = "com.apple.product-type.application";
		};
		DF600F0224F82A1500B613DC /* AppStoreReviewsTests */ = {
			isa = PBXNativeTarget;
			buildConfigurationList = DF600F0C24F82A1500B613DC /* Build configuration list for PBXNativeTarget "AppStoreReviewsTests" */;
			buildPhases = (
				DF600EFF24F82A1500B613DC /* Sources */,
				DF600F0024F82A1500B613DC /* Frameworks */,
				DF600F0124F82A1500B613DC /* Resources */,
			);
			buildRules = (
			);
			dependencies = (
				DF600F0924F82A1500B613DC /* PBXTargetDependency */,
			);
			name = AppStoreReviewsTests;
			productName = AppStoreReviewsTests;
			productReference = DF600F0324F82A1500B613DC /* AppStoreReviewsTests.xctest */;
			productType = "com.apple.product-type.bundle.unit-test";
		};
/* End PBXNativeTarget section */

/* Begin PBXProject section */
		345AD11024C6EDD9004E2EE1 /* Project object */ = {
			isa = PBXProject;
			attributes = {
				LastSwiftUpdateCheck = 1130;
				LastUpgradeCheck = 1160;
				ORGANIZATIONNAME = ING;
				TargetAttributes = {
					345AD11724C6EDD9004E2EE1 = {
						CreatedOnToolsVersion = 11.6;
					};
					DF600F0224F82A1500B613DC = {
						CreatedOnToolsVersion = 11.3.1;
						TestTargetID = 345AD11724C6EDD9004E2EE1;
					};
				};
			};
			buildConfigurationList = 345AD11324C6EDD9004E2EE1 /* Build configuration list for PBXProject "AppStoreReviews" */;
			compatibilityVersion = "Xcode 9.3";
			developmentRegion = en;
			hasScannedForEncodings = 0;
			knownRegions = (
				en,
				Base,
			);
			mainGroup = 345AD10F24C6EDD9004E2EE1;
			productRefGroup = 345AD11924C6EDD9004E2EE1 /* Products */;
			projectDirPath = "";
			projectRoot = "";
			targets = (
				345AD11724C6EDD9004E2EE1 /* AppStoreReviews */,
				DF600F0224F82A1500B613DC /* AppStoreReviewsTests */,
			);
		};
/* End PBXProject section */

/* Begin PBXResourcesBuildPhase section */
		345AD11624C6EDD9004E2EE1 /* Resources */ = {
			isa = PBXResourcesBuildPhase;
			buildActionMask = 2147483647;
			files = (
				DF600F0E24F82A6600B613DC /* Reviews.json in Resources */,
				345AD12824C6EDDC004E2EE1 /* LaunchScreen.storyboard in Resources */,
				345AD12524C6EDDC004E2EE1 /* Assets.xcassets in Resources */,
			);
			runOnlyForDeploymentPostprocessing = 0;
		};
		DF600F0124F82A1500B613DC /* Resources */ = {
			isa = PBXResourcesBuildPhase;
			buildActionMask = 2147483647;
			files = (
			);
			runOnlyForDeploymentPostprocessing = 0;
		};
/* End PBXResourcesBuildPhase section */

/* Begin PBXSourcesBuildPhase section */
		345AD11424C6EDD9004E2EE1 /* Sources */ = {
			isa = PBXSourcesBuildPhase;
			buildActionMask = 2147483647;
			files = (
				DF9164CD24F8185C0006F1DF /* FeedViewModel.swift in Sources */,
				DF9164D724F822980006F1DF /* Constants.swift in Sources */,
				DF9164CA24F7E8D70006F1DF /* APIService.swift in Sources */,
				DF772F4F24FC4A2C00636AEE /* ItemsFilterSort.swift in Sources */,
				DF9164C724F7E3D00006F1DF /* Feed.swift in Sources */,
				345AD13424C6EE64004E2EE1 /* ReviewCell.swift in Sources */,
				DF600F1424F8508900B613DC /* FilterCell.swift in Sources */,
				DFF5341824FD4023003A2F9D /* ReviewsWordSeparator.swift in Sources */,
				345AD13324C6EE64004E2EE1 /* FeedViewController.swift in Sources */,
				DF600F1224F8493B00B613DC /* FilterViewController.swift in Sources */,
				DF9164D424F81E900006F1DF /* NSObject+Util.swift in Sources */,
				345AD11C24C6EDD9004E2EE1 /* AppDelegate.swift in Sources */,
				DF9164D224F81E680006F1DF /* UIViewController+Util.swift in Sources */,
				DF9164CF24F819AE0006F1DF /* ReviewViewModel.swift in Sources */,
				345AD13624C6EE64004E2EE1 /* DetailsViewController.swift in Sources */,
				DF772F4924FC171F00636AEE /* HeaderView.swift in Sources */,
			);
			runOnlyForDeploymentPostprocessing = 0;
		};
		DF600EFF24F82A1500B613DC /* Sources */ = {
			isa = PBXSourcesBuildPhase;
			buildActionMask = 2147483647;
			files = (
				DF600F0624F82A1500B613DC /* AppStoreReviewsTests.swift in Sources */,
				DF600F1024F82AC400B613DC /* ReviewModelTests.swift in Sources */,
				DF772F5324FC640A00636AEE /* FeedViewModelTests.swift in Sources */,
				DF772F5124FC5EA600636AEE /* ItemsSortTests.swift in Sources */,
			);
			runOnlyForDeploymentPostprocessing = 0;
		};
/* End PBXSourcesBuildPhase section */

/* Begin PBXTargetDependency section */
		DF600F0924F82A1500B613DC /* PBXTargetDependency */ = {
			isa = PBXTargetDependency;
			target = 345AD11724C6EDD9004E2EE1 /* AppStoreReviews */;
			targetProxy = DF600F0824F82A1500B613DC /* PBXContainerItemProxy */;
		};
/* End PBXTargetDependency section */

/* Begin PBXVariantGroup section */
		345AD12624C6EDDC004E2EE1 /* LaunchScreen.storyboard */ = {
			isa = PBXVariantGroup;
			children = (
				345AD12724C6EDDC004E2EE1 /* Base */,
			);
			name = LaunchScreen.storyboard;
			sourceTree = "<group>";
		};
/* End PBXVariantGroup section */

/* Begin XCBuildConfiguration section */
		345AD12A24C6EDDC004E2EE1 /* Debug */ = {
			isa = XCBuildConfiguration;
			buildSettings = {
				ALWAYS_SEARCH_USER_PATHS = NO;
				CLANG_ANALYZER_NONNULL = YES;
				CLANG_ANALYZER_NUMBER_OBJECT_CONVERSION = YES_AGGRESSIVE;
				CLANG_CXX_LANGUAGE_STANDARD = "gnu++14";
				CLANG_CXX_LIBRARY = "libc++";
				CLANG_ENABLE_MODULES = YES;
				CLANG_ENABLE_OBJC_ARC = YES;
				CLANG_ENABLE_OBJC_WEAK = YES;
				CLANG_WARN_BLOCK_CAPTURE_AUTORELEASING = YES;
				CLANG_WARN_BOOL_CONVERSION = YES;
				CLANG_WARN_COMMA = YES;
				CLANG_WARN_CONSTANT_CONVERSION = YES;
				CLANG_WARN_DEPRECATED_OBJC_IMPLEMENTATIONS = YES;
				CLANG_WARN_DIRECT_OBJC_ISA_USAGE = YES_ERROR;
				CLANG_WARN_DOCUMENTATION_COMMENTS = YES;
				CLANG_WARN_EMPTY_BODY = YES;
				CLANG_WARN_ENUM_CONVERSION = YES;
				CLANG_WARN_INFINITE_RECURSION = YES;
				CLANG_WARN_INT_CONVERSION = YES;
				CLANG_WARN_NON_LITERAL_NULL_CONVERSION = YES;
				CLANG_WARN_OBJC_IMPLICIT_RETAIN_SELF = YES;
				CLANG_WARN_OBJC_LITERAL_CONVERSION = YES;
				CLANG_WARN_OBJC_ROOT_CLASS = YES_ERROR;
				CLANG_WARN_RANGE_LOOP_ANALYSIS = YES;
				CLANG_WARN_STRICT_PROTOTYPES = YES;
				CLANG_WARN_SUSPICIOUS_MOVE = YES;
				CLANG_WARN_UNGUARDED_AVAILABILITY = YES_AGGRESSIVE;
				CLANG_WARN_UNREACHABLE_CODE = YES;
				CLANG_WARN__DUPLICATE_METHOD_MATCH = YES;
				COPY_PHASE_STRIP = NO;
				DEBUG_INFORMATION_FORMAT = dwarf;
				ENABLE_STRICT_OBJC_MSGSEND = YES;
				ENABLE_TESTABILITY = YES;
				GCC_C_LANGUAGE_STANDARD = gnu11;
				GCC_DYNAMIC_NO_PIC = NO;
				GCC_NO_COMMON_BLOCKS = YES;
				GCC_OPTIMIZATION_LEVEL = 0;
				GCC_PREPROCESSOR_DEFINITIONS = (
					"DEBUG=1",
					"$(inherited)",
				);
				GCC_WARN_64_TO_32_BIT_CONVERSION = YES;
				GCC_WARN_ABOUT_RETURN_TYPE = YES_ERROR;
				GCC_WARN_UNDECLARED_SELECTOR = YES;
				GCC_WARN_UNINITIALIZED_AUTOS = YES_AGGRESSIVE;
				GCC_WARN_UNUSED_FUNCTION = YES;
				GCC_WARN_UNUSED_VARIABLE = YES;
				IPHONEOS_DEPLOYMENT_TARGET = 13.2;
				MTL_ENABLE_DEBUG_INFO = INCLUDE_SOURCE;
				MTL_FAST_MATH = YES;
				ONLY_ACTIVE_ARCH = YES;
				SDKROOT = iphoneos;
				SWIFT_ACTIVE_COMPILATION_CONDITIONS = DEBUG;
				SWIFT_OPTIMIZATION_LEVEL = "-Onone";
			};
			name = Debug;
		};
		345AD12B24C6EDDC004E2EE1 /* Release */ = {
			isa = XCBuildConfiguration;
			buildSettings = {
				ALWAYS_SEARCH_USER_PATHS = NO;
				CLANG_ANALYZER_NONNULL = YES;
				CLANG_ANALYZER_NUMBER_OBJECT_CONVERSION = YES_AGGRESSIVE;
				CLANG_CXX_LANGUAGE_STANDARD = "gnu++14";
				CLANG_CXX_LIBRARY = "libc++";
				CLANG_ENABLE_MODULES = YES;
				CLANG_ENABLE_OBJC_ARC = YES;
				CLANG_ENABLE_OBJC_WEAK = YES;
				CLANG_WARN_BLOCK_CAPTURE_AUTORELEASING = YES;
				CLANG_WARN_BOOL_CONVERSION = YES;
				CLANG_WARN_COMMA = YES;
				CLANG_WARN_CONSTANT_CONVERSION = YES;
				CLANG_WARN_DEPRECATED_OBJC_IMPLEMENTATIONS = YES;
				CLANG_WARN_DIRECT_OBJC_ISA_USAGE = YES_ERROR;
				CLANG_WARN_DOCUMENTATION_COMMENTS = YES;
				CLANG_WARN_EMPTY_BODY = YES;
				CLANG_WARN_ENUM_CONVERSION = YES;
				CLANG_WARN_INFINITE_RECURSION = YES;
				CLANG_WARN_INT_CONVERSION = YES;
				CLANG_WARN_NON_LITERAL_NULL_CONVERSION = YES;
				CLANG_WARN_OBJC_IMPLICIT_RETAIN_SELF = YES;
				CLANG_WARN_OBJC_LITERAL_CONVERSION = YES;
				CLANG_WARN_OBJC_ROOT_CLASS = YES_ERROR;
				CLANG_WARN_RANGE_LOOP_ANALYSIS = YES;
				CLANG_WARN_STRICT_PROTOTYPES = YES;
				CLANG_WARN_SUSPICIOUS_MOVE = YES;
				CLANG_WARN_UNGUARDED_AVAILABILITY = YES_AGGRESSIVE;
				CLANG_WARN_UNREACHABLE_CODE = YES;
				CLANG_WARN__DUPLICATE_METHOD_MATCH = YES;
				COPY_PHASE_STRIP = NO;
				DEBUG_INFORMATION_FORMAT = "dwarf-with-dsym";
				ENABLE_NS_ASSERTIONS = NO;
				ENABLE_STRICT_OBJC_MSGSEND = YES;
				GCC_C_LANGUAGE_STANDARD = gnu11;
				GCC_NO_COMMON_BLOCKS = YES;
				GCC_WARN_64_TO_32_BIT_CONVERSION = YES;
				GCC_WARN_ABOUT_RETURN_TYPE = YES_ERROR;
				GCC_WARN_UNDECLARED_SELECTOR = YES;
				GCC_WARN_UNINITIALIZED_AUTOS = YES_AGGRESSIVE;
				GCC_WARN_UNUSED_FUNCTION = YES;
				GCC_WARN_UNUSED_VARIABLE = YES;
				IPHONEOS_DEPLOYMENT_TARGET = 13.2;
				MTL_ENABLE_DEBUG_INFO = NO;
				MTL_FAST_MATH = YES;
				SDKROOT = iphoneos;
				SWIFT_COMPILATION_MODE = wholemodule;
				SWIFT_OPTIMIZATION_LEVEL = "-O";
				VALIDATE_PRODUCT = YES;
			};
			name = Release;
		};
		345AD12D24C6EDDC004E2EE1 /* Debug */ = {
			isa = XCBuildConfiguration;
			buildSettings = {
				ASSETCATALOG_COMPILER_APPICON_NAME = AppIcon;
				CODE_SIGN_STYLE = Automatic;
				INFOPLIST_FILE = AppStoreReviews/Info.plist;
				LD_RUNPATH_SEARCH_PATHS = (
					"$(inherited)",
					"@executable_path/Frameworks",
				);
				PRODUCT_BUNDLE_IDENTIFIER = com.ing.AppStoreReviews;
				PRODUCT_NAME = "$(TARGET_NAME)";
				SWIFT_VERSION = 5.0;
				TARGETED_DEVICE_FAMILY = "1,2";
			};
			name = Debug;
		};
		345AD12E24C6EDDC004E2EE1 /* Release */ = {
			isa = XCBuildConfiguration;
			buildSettings = {
				ASSETCATALOG_COMPILER_APPICON_NAME = AppIcon;
				CODE_SIGN_STYLE = Automatic;
				INFOPLIST_FILE = AppStoreReviews/Info.plist;
				LD_RUNPATH_SEARCH_PATHS = (
					"$(inherited)",
					"@executable_path/Frameworks",
				);
				PRODUCT_BUNDLE_IDENTIFIER = com.ing.AppStoreReviews;
				PRODUCT_NAME = "$(TARGET_NAME)";
				SWIFT_VERSION = 5.0;
				TARGETED_DEVICE_FAMILY = "1,2";
			};
			name = Release;
		};
		DF600F0A24F82A1500B613DC /* Debug */ = {
			isa = XCBuildConfiguration;
			buildSettings = {
				BUNDLE_LOADER = "$(TEST_HOST)";
				CODE_SIGN_STYLE = Automatic;
				INFOPLIST_FILE = AppStoreReviewsTests/Info.plist;
				LD_RUNPATH_SEARCH_PATHS = (
					"$(inherited)",
					"@executable_path/Frameworks",
					"@loader_path/Frameworks",
				);
				PRODUCT_BUNDLE_IDENTIFIER = com.manali.AppStoreReviewsTests;
				PRODUCT_NAME = "$(TARGET_NAME)";
				SWIFT_VERSION = 5.0;
				TARGETED_DEVICE_FAMILY = "1,2";
				TEST_HOST = "$(BUILT_PRODUCTS_DIR)/AppStoreReviews.app/AppStoreReviews";
			};
			name = Debug;
		};
		DF600F0B24F82A1500B613DC /* Release */ = {
			isa = XCBuildConfiguration;
			buildSettings = {
				BUNDLE_LOADER = "$(TEST_HOST)";
				CODE_SIGN_STYLE = Automatic;
				INFOPLIST_FILE = AppStoreReviewsTests/Info.plist;
				LD_RUNPATH_SEARCH_PATHS = (
					"$(inherited)",
					"@executable_path/Frameworks",
					"@loader_path/Frameworks",
				);
				PRODUCT_BUNDLE_IDENTIFIER = com.manali.AppStoreReviewsTests;
				PRODUCT_NAME = "$(TARGET_NAME)";
				SWIFT_VERSION = 5.0;
				TARGETED_DEVICE_FAMILY = "1,2";
				TEST_HOST = "$(BUILT_PRODUCTS_DIR)/AppStoreReviews.app/AppStoreReviews";
			};
			name = Release;
		};
/* End XCBuildConfiguration section */

/* Begin XCConfigurationList section */
		345AD11324C6EDD9004E2EE1 /* Build configuration list for PBXProject "AppStoreReviews" */ = {
			isa = XCConfigurationList;
			buildConfigurations = (
				345AD12A24C6EDDC004E2EE1 /* Debug */,
				345AD12B24C6EDDC004E2EE1 /* Release */,
			);
			defaultConfigurationIsVisible = 0;
			defaultConfigurationName = Release;
		};
		345AD12C24C6EDDC004E2EE1 /* Build configuration list for PBXNativeTarget "AppStoreReviews" */ = {
			isa = XCConfigurationList;
			buildConfigurations = (
				345AD12D24C6EDDC004E2EE1 /* Debug */,
				345AD12E24C6EDDC004E2EE1 /* Release */,
			);
			defaultConfigurationIsVisible = 0;
			defaultConfigurationName = Release;
		};
		DF600F0C24F82A1500B613DC /* Build configuration list for PBXNativeTarget "AppStoreReviewsTests" */ = {
			isa = XCConfigurationList;
			buildConfigurations = (
				DF600F0A24F82A1500B613DC /* Debug */,
				DF600F0B24F82A1500B613DC /* Release */,
			);
			defaultConfigurationIsVisible = 0;
			defaultConfigurationName = Release;
		};
/* End XCConfigurationList section */
	};
	rootObject = 345AD11024C6EDD9004E2EE1 /* Project object */;
}
